
Microsoft Visual Studio Solution File, Format Version 12.00
# Visual Studio Version 17
VisualStudioVersion = 17.13.35919.96 d17.13
MinimumVisualStudioVersion = 10.0.40219.1
Project("{FAE04EC0-301F-11D3-BF4B-00C04F79EFBC}") = "Dybala10", "Dybala10\Dybala10.csproj", "{A234003B-E0CC-4657-8B60-599285D9C06D}"
EndProject
Global
	GlobalSection(SolutionConfigurationPlatforms) = preSolution
		Debug|Any CPU = Debug|Any CPU
		Release|Any CPU = Release|Any CPU
	EndGlobalSection
	GlobalSection(ProjectConfigurationPlatforms) = postSolution
		{A234003B-E0CC-4657-8B60-599285D9C06D}.Debug|Any CPU.ActiveCfg = Debug|Any CPU
		{A234003B-E0CC-4657-8B60-599285D9C06D}.Debug|Any CPU.Build.0 = Debug|Any CPU
		{A234003B-E0CC-4657-8B60-599285D9C06D}.Release|Any CPU.ActiveCfg = Release|Any CPU
		{A234003B-E0CC-4657-8B60-599285D9C06D}.Release|Any CPU.Build.0 = Release|Any CPU
	EndGlobalSection
	GlobalSection(SolutionProperties) = preSolution
		HideSolutionNode = FALSE
	EndGlobalSection
	GlobalSection(ExtensibilityGlobals) = postSolution
		SolutionGuid = {5D5DE10A-5145-4009-B6C5-2D29DD7446E6}
	EndGlobalSection
EndGlobal
